// !$*UTF8*$!
{
	archiveVersion = 1;
	classes = {
	};
	objectVersion = 55;
	objects = {

/* Begin PBXBuildFile section */
		AC09FEF7294B303C00BFD264 /* HourInfoCell.swift in Sources */ = {isa = PBXBuildFile; fileRef = AC09FEF6294B303C00BFD264 /* HourInfoCell.swift */; };
		AC30606E2949AFD300013BED /* WeatherDetailsViewController.swift in Sources */ = {isa = PBXBuildFile; fileRef = AC30606D2949AFD300013BED /* WeatherDetailsViewController.swift */; };
		AC3060702949B18B00013BED /* CityInfoCell.swift in Sources */ = {isa = PBXBuildFile; fileRef = AC30606F2949B18B00013BED /* CityInfoCell.swift */; };
		ACDC7FE62952DF8D005AD834 /* WeekendInfoCell.swift in Sources */ = {isa = PBXBuildFile; fileRef = ACDC7FE52952DF8D005AD834 /* WeekendInfoCell.swift */; };
		ACFD61392945028A00FE446E /* AppDelegate.swift in Sources */ = {isa = PBXBuildFile; fileRef = ACFD61382945028A00FE446E /* AppDelegate.swift */; };
		ACFD613D2945028A00FE446E /* WeatherViewController.swift in Sources */ = {isa = PBXBuildFile; fileRef = ACFD613C2945028A00FE446E /* WeatherViewController.swift */; };
		ACFD61422945028D00FE446E /* Assets.xcassets in Resources */ = {isa = PBXBuildFile; fileRef = ACFD61412945028D00FE446E /* Assets.xcassets */; };
		ACFD61452945028D00FE446E /* LaunchScreen.storyboard in Resources */ = {isa = PBXBuildFile; fileRef = ACFD61432945028D00FE446E /* LaunchScreen.storyboard */; };
		ACFD614D2945029E00FE446E /* URLManager.swift in Sources */ = {isa = PBXBuildFile; fileRef = ACFD614C2945029E00FE446E /* URLManager.swift */; };
		ACFD614F2945BDBF00FE446E /* WeatherViewCell.swift in Sources */ = {isa = PBXBuildFile; fileRef = ACFD614E2945BDBF00FE446E /* WeatherViewCell.swift */; };
		ACFD61512945BFA500FE446E /* Weather.swift in Sources */ = {isa = PBXBuildFile; fileRef = ACFD61502945BFA500FE446E /* Weather.swift */; };
		ACFD61542945C7EC00FE446E /* NetworkManager.swift in Sources */ = {isa = PBXBuildFile; fileRef = ACFD61532945C7EC00FE446E /* NetworkManager.swift */; };
/* End PBXBuildFile section */

/* Begin PBXFileReference section */
		AC09FEF6294B303C00BFD264 /* HourInfoCell.swift */ = {isa = PBXFileReference; lastKnownFileType = sourcecode.swift; path = HourInfoCell.swift; sourceTree = "<group>"; };
		AC30606D2949AFD300013BED /* WeatherDetailsViewController.swift */ = {isa = PBXFileReference; lastKnownFileType = sourcecode.swift; path = WeatherDetailsViewController.swift; sourceTree = "<group>"; };
		AC30606F2949B18B00013BED /* CityInfoCell.swift */ = {isa = PBXFileReference; lastKnownFileType = sourcecode.swift; path = CityInfoCell.swift; sourceTree = "<group>"; };
		ACDC7FE52952DF8D005AD834 /* WeekendInfoCell.swift */ = {isa = PBXFileReference; lastKnownFileType = sourcecode.swift; path = WeekendInfoCell.swift; sourceTree = "<group>"; };
		ACFD61352945028A00FE446E /* MyWeather.app */ = {isa = PBXFileReference; explicitFileType = wrapper.application; includeInIndex = 0; path = MyWeather.app; sourceTree = BUILT_PRODUCTS_DIR; };
		ACFD61382945028A00FE446E /* AppDelegate.swift */ = {isa = PBXFileReference; lastKnownFileType = sourcecode.swift; path = AppDelegate.swift; sourceTree = "<group>"; };
		ACFD613C2945028A00FE446E /* WeatherViewController.swift */ = {isa = PBXFileReference; lastKnownFileType = sourcecode.swift; path = WeatherViewController.swift; sourceTree = "<group>"; };
		ACFD61412945028D00FE446E /* Assets.xcassets */ = {isa = PBXFileReference; lastKnownFileType = folder.assetcatalog; path = Assets.xcassets; sourceTree = "<group>"; };
		ACFD61442945028D00FE446E /* Base */ = {isa = PBXFileReference; lastKnownFileType = file.storyboard; name = Base; path = Base.lproj/LaunchScreen.storyboard; sourceTree = "<group>"; };
		ACFD61462945028D00FE446E /* Info.plist */ = {isa = PBXFileReference; lastKnownFileType = text.plist.xml; path = Info.plist; sourceTree = "<group>"; };
		ACFD614C2945029E00FE446E /* URLManager.swift */ = {isa = PBXFileReference; lastKnownFileType = sourcecode.swift; path = URLManager.swift; sourceTree = "<group>"; };
		ACFD614E2945BDBF00FE446E /* WeatherViewCell.swift */ = {isa = PBXFileReference; lastKnownFileType = sourcecode.swift; path = WeatherViewCell.swift; sourceTree = "<group>"; };
		ACFD61502945BFA500FE446E /* Weather.swift */ = {isa = PBXFileReference; lastKnownFileType = sourcecode.swift; path = Weather.swift; sourceTree = "<group>"; };
		ACFD61532945C7EC00FE446E /* NetworkManager.swift */ = {isa = PBXFileReference; lastKnownFileType = sourcecode.swift; path = NetworkManager.swift; sourceTree = "<group>"; };
/* End PBXFileReference section */

/* Begin PBXFrameworksBuildPhase section */
		ACFD61322945028A00FE446E /* Frameworks */ = {
			isa = PBXFrameworksBuildPhase;
			buildActionMask = 2147483647;
			files = (
			);
			runOnlyForDeploymentPostprocessing = 0;
		};
/* End PBXFrameworksBuildPhase section */

/* Begin PBXGroup section */
		AC3060712949EC9000013BED /* Views */ = {
			isa = PBXGroup;
			children = (
				ACFD614E2945BDBF00FE446E /* WeatherViewCell.swift */,
				AC30606F2949B18B00013BED /* CityInfoCell.swift */,
				AC09FEF6294B303C00BFD264 /* HourInfoCell.swift */,
				ACDC7FE52952DF8D005AD834 /* WeekendInfoCell.swift */,
			);
			path = Views;
			sourceTree = "<group>";
		};
		AC3060722949EC9A00013BED /* ViewControllers */ = {
			isa = PBXGroup;
			children = (
				ACFD613C2945028A00FE446E /* WeatherViewController.swift */,
				AC30606D2949AFD300013BED /* WeatherDetailsViewController.swift */,
			);
			path = ViewControllers;
			sourceTree = "<group>";
		};
		AC306073294A47DA00013BED /* Services */ = {
			isa = PBXGroup;
			children = (
				ACFD61532945C7EC00FE446E /* NetworkManager.swift */,
				ACFD614C2945029E00FE446E /* URLManager.swift */,
			);
			path = Services;
			sourceTree = "<group>";
		};
		ACFD612C2945028A00FE446E = {
			isa = PBXGroup;
			children = (
				ACFD61372945028A00FE446E /* MyWeather */,
				ACFD61362945028A00FE446E /* Products */,
			);
			sourceTree = "<group>";
		};
		ACFD61362945028A00FE446E /* Products */ = {
			isa = PBXGroup;
			children = (
				ACFD61352945028A00FE446E /* MyWeather.app */,
			);
			name = Products;
			sourceTree = "<group>";
		};
		ACFD61372945028A00FE446E /* MyWeather */ = {
			isa = PBXGroup;
			children = (
				ACFD61382945028A00FE446E /* AppDelegate.swift */,
				AC3060722949EC9A00013BED /* ViewControllers */,
				ACFD61522945BFAB00FE446E /* Models */,
				AC3060712949EC9000013BED /* Views */,
				AC306073294A47DA00013BED /* Services */,
				ACFD61412945028D00FE446E /* Assets.xcassets */,
				ACFD61432945028D00FE446E /* LaunchScreen.storyboard */,
				ACFD61462945028D00FE446E /* Info.plist */,
			);
			path = MyWeather;
			sourceTree = "<group>";
		};
		ACFD61522945BFAB00FE446E /* Models */ = {
			isa = PBXGroup;
			children = (
				ACFD61502945BFA500FE446E /* Weather.swift */,
			);
			path = Models;
			sourceTree = "<group>";
		};
/* End PBXGroup section */

/* Begin PBXNativeTarget section */
		ACFD61342945028A00FE446E /* MyWeather */ = {
			isa = PBXNativeTarget;
			buildConfigurationList = ACFD61492945028D00FE446E /* Build configuration list for PBXNativeTarget "MyWeather" */;
			buildPhases = (
				ACFD61312945028A00FE446E /* Sources */,
				ACFD61322945028A00FE446E /* Frameworks */,
				ACFD61332945028A00FE446E /* Resources */,
			);
			buildRules = (
			);
			dependencies = (
			);
			name = MyWeather;
			productName = MyWeather;
			productReference = ACFD61352945028A00FE446E /* MyWeather.app */;
			productType = "com.apple.product-type.application";
		};
/* End PBXNativeTarget section */

/* Begin PBXProject section */
		ACFD612D2945028A00FE446E /* Project object */ = {
			isa = PBXProject;
			attributes = {
				BuildIndependentTargetsInParallel = 1;
				LastSwiftUpdateCheck = 1340;
				LastUpgradeCheck = 1340;
				TargetAttributes = {
					ACFD61342945028A00FE446E = {
						CreatedOnToolsVersion = 13.4.1;
					};
				};
			};
			buildConfigurationList = ACFD61302945028A00FE446E /* Build configuration list for PBXProject "MyWeather" */;
			compatibilityVersion = "Xcode 13.0";
			developmentRegion = en;
			hasScannedForEncodings = 0;
			knownRegions = (
				en,
				Base,
			);
			mainGroup = ACFD612C2945028A00FE446E;
			productRefGroup = ACFD61362945028A00FE446E /* Products */;
			projectDirPath = "";
			projectRoot = "";
			targets = (
				ACFD61342945028A00FE446E /* MyWeather */,
			);
		};
/* End PBXProject section */

/* Begin PBXResourcesBuildPhase section */
		ACFD61332945028A00FE446E /* Resources */ = {
			isa = PBXResourcesBuildPhase;
			buildActionMask = 2147483647;
			files = (
				ACFD61452945028D00FE446E /* LaunchScreen.storyboard in Resources */,
				ACFD61422945028D00FE446E /* Assets.xcassets in Resources */,
			);
			runOnlyForDeploymentPostprocessing = 0;
		};
/* End PBXResourcesBuildPhase section */

/* Begin PBXSourcesBuildPhase section */
		ACFD61312945028A00FE446E /* Sources */ = {
			isa = PBXSourcesBuildPhase;
			buildActionMask = 2147483647;
			files = (
				ACFD61542945C7EC00FE446E /* NetworkManager.swift in Sources */,
				ACFD613D2945028A00FE446E /* WeatherViewController.swift in Sources */,
				AC3060702949B18B00013BED /* CityInfoCell.swift in Sources */,
				ACFD61392945028A00FE446E /* AppDelegate.swift in Sources */,
				ACFD614D2945029E00FE446E /* URLManager.swift in Sources */,
				ACFD614F2945BDBF00FE446E /* WeatherViewCell.swift in Sources */,
				AC30606E2949AFD300013BED /* WeatherDetailsViewController.swift in Sources */,
				AC09FEF7294B303C00BFD264 /* HourInfoCell.swift in Sources */,
				ACFD61512945BFA500FE446E /* Weather.swift in Sources */,
				ACDC7FE62952DF8D005AD834 /* WeekendInfoCell.swift in Sources */,
			);
			runOnlyForDeploymentPostprocessing = 0;
		};
/* End PBXSourcesBuildPhase section */

/* Begin PBXVariantGroup section */
		ACFD61432945028D00FE446E /* LaunchScreen.storyboard */ = {
			isa = PBXVariantGroup;
			children = (
				ACFD61442945028D00FE446E /* Base */,
			);
			name = LaunchScreen.storyboard;
			sourceTree = "<group>";
		};
/* End PBXVariantGroup section */

/* Begin XCBuildConfiguration section */
		ACFD61472945028D00FE446E /* Debug */ = {
			isa = XCBuildConfiguration;
			buildSettings = {
				ALWAYS_SEARCH_USER_PATHS = NO;
				CLANG_ANALYZER_NONNULL = YES;
				CLANG_ANALYZER_NUMBER_OBJECT_CONVERSION = YES_AGGRESSIVE;
				CLANG_CXX_LANGUAGE_STANDARD = "gnu++17";
				CLANG_ENABLE_MODULES = YES;
				CLANG_ENABLE_OBJC_ARC = YES;
				CLANG_ENABLE_OBJC_WEAK = YES;
				CLANG_WARN_BLOCK_CAPTURE_AUTORELEASING = YES;
				CLANG_WARN_BOOL_CONVERSION = YES;
				CLANG_WARN_COMMA = YES;
				CLANG_WARN_CONSTANT_CONVERSION = YES;
				CLANG_WARN_DEPRECATED_OBJC_IMPLEMENTATIONS = YES;
				CLANG_WARN_DIRECT_OBJC_ISA_USAGE = YES_ERROR;
				CLANG_WARN_DOCUMENTATION_COMMENTS = YES;
				CLANG_WARN_EMPTY_BODY = YES;
				CLANG_WARN_ENUM_CONVERSION = YES;
				CLANG_WARN_INFINITE_RECURSION = YES;
				CLANG_WARN_INT_CONVERSION = YES;
				CLANG_WARN_NON_LITERAL_NULL_CONVERSION = YES;
				CLANG_WARN_OBJC_IMPLICIT_RETAIN_SELF = YES;
				CLANG_WARN_OBJC_LITERAL_CONVERSION = YES;
				CLANG_WARN_OBJC_ROOT_CLASS = YES_ERROR;
				CLANG_WARN_QUOTED_INCLUDE_IN_FRAMEWORK_HEADER = YES;
				CLANG_WARN_RANGE_LOOP_ANALYSIS = YES;
				CLANG_WARN_STRICT_PROTOTYPES = YES;
				CLANG_WARN_SUSPICIOUS_MOVE = YES;
				CLANG_WARN_UNGUARDED_AVAILABILITY = YES_AGGRESSIVE;
				CLANG_WARN_UNREACHABLE_CODE = YES;
				CLANG_WARN__DUPLICATE_METHOD_MATCH = YES;
				COPY_PHASE_STRIP = NO;
				DEBUG_INFORMATION_FORMAT = dwarf;
				ENABLE_STRICT_OBJC_MSGSEND = YES;
				ENABLE_TESTABILITY = YES;
				GCC_C_LANGUAGE_STANDARD = gnu11;
				GCC_DYNAMIC_NO_PIC = NO;
				GCC_NO_COMMON_BLOCKS = YES;
				GCC_OPTIMIZATION_LEVEL = 0;
				GCC_PREPROCESSOR_DEFINITIONS = (
					"DEBUG=1",
					"$(inherited)",
				);
				GCC_WARN_64_TO_32_BIT_CONVERSION = YES;
				GCC_WARN_ABOUT_RETURN_TYPE = YES_ERROR;
				GCC_WARN_UNDECLARED_SELECTOR = YES;
				GCC_WARN_UNINITIALIZED_AUTOS = YES_AGGRESSIVE;
				GCC_WARN_UNUSED_FUNCTION = YES;
				GCC_WARN_UNUSED_VARIABLE = YES;
				IPHONEOS_DEPLOYMENT_TARGET = 15.5;
				MTL_ENABLE_DEBUG_INFO = INCLUDE_SOURCE;
				MTL_FAST_MATH = YES;
				ONLY_ACTIVE_ARCH = YES;
				SDKROOT = iphoneos;
				SWIFT_ACTIVE_COMPILATION_CONDITIONS = DEBUG;
				SWIFT_OPTIMIZATION_LEVEL = "-Onone";
			};
			name = Debug;
		};
		ACFD61482945028D00FE446E /* Release */ = {
			isa = XCBuildConfiguration;
			buildSettings = {
				ALWAYS_SEARCH_USER_PATHS = NO;
				CLANG_ANALYZER_NONNULL = YES;
				CLANG_ANALYZER_NUMBER_OBJECT_CONVERSION = YES_AGGRESSIVE;
				CLANG_CXX_LANGUAGE_STANDARD = "gnu++17";
				CLANG_ENABLE_MODULES = YES;
				CLANG_ENABLE_OBJC_ARC = YES;
				CLANG_ENABLE_OBJC_WEAK = YES;
				CLANG_WARN_BLOCK_CAPTURE_AUTORELEASING = YES;
				CLANG_WARN_BOOL_CONVERSION = YES;
				CLANG_WARN_COMMA = YES;
				CLANG_WARN_CONSTANT_CONVERSION = YES;
				CLANG_WARN_DEPRECATED_OBJC_IMPLEMENTATIONS = YES;
				CLANG_WARN_DIRECT_OBJC_ISA_USAGE = YES_ERROR;
				CLANG_WARN_DOCUMENTATION_COMMENTS = YES;
				CLANG_WARN_EMPTY_BODY = YES;
				CLANG_WARN_ENUM_CONVERSION = YES;
				CLANG_WARN_INFINITE_RECURSION = YES;
				CLANG_WARN_INT_CONVERSION = YES;
				CLANG_WARN_NON_LITERAL_NULL_CONVERSION = YES;
				CLANG_WARN_OBJC_IMPLICIT_RETAIN_SELF = YES;
				CLANG_WARN_OBJC_LITERAL_CONVERSION = YES;
				CLANG_WARN_OBJC_ROOT_CLASS = YES_ERROR;
				CLANG_WARN_QUOTED_INCLUDE_IN_FRAMEWORK_HEADER = YES;
				CLANG_WARN_RANGE_LOOP_ANALYSIS = YES;
				CLANG_WARN_STRICT_PROTOTYPES = YES;
				CLANG_WARN_SUSPICIOUS_MOVE = YES;
				CLANG_WARN_UNGUARDED_AVAILABILITY = YES_AGGRESSIVE;
				CLANG_WARN_UNREACHABLE_CODE = YES;
				CLANG_WARN__DUPLICATE_METHOD_MATCH = YES;
				COPY_PHASE_STRIP = NO;
				DEBUG_INFORMATION_FORMAT = "dwarf-with-dsym";
				ENABLE_NS_ASSERTIONS = NO;
				ENABLE_STRICT_OBJC_MSGSEND = YES;
				GCC_C_LANGUAGE_STANDARD = gnu11;
				GCC_NO_COMMON_BLOCKS = YES;
				GCC_WARN_64_TO_32_BIT_CONVERSION = YES;
				GCC_WARN_ABOUT_RETURN_TYPE = YES_ERROR;
				GCC_WARN_UNDECLARED_SELECTOR = YES;
				GCC_WARN_UNINITIALIZED_AUTOS = YES_AGGRESSIVE;
				GCC_WARN_UNUSED_FUNCTION = YES;
				GCC_WARN_UNUSED_VARIABLE = YES;
				IPHONEOS_DEPLOYMENT_TARGET = 15.5;
				MTL_ENABLE_DEBUG_INFO = NO;
				MTL_FAST_MATH = YES;
				SDKROOT = iphoneos;
				SWIFT_COMPILATION_MODE = wholemodule;
				SWIFT_OPTIMIZATION_LEVEL = "-O";
				VALIDATE_PRODUCT = YES;
			};
			name = Release;
		};
		ACFD614A2945028D00FE446E /* Debug */ = {
			isa = XCBuildConfiguration;
			buildSettings = {
				ASSETCATALOG_COMPILER_APPICON_NAME = AppIcon;
				ASSETCATALOG_COMPILER_GLOBAL_ACCENT_COLOR_NAME = AccentColor;
				CODE_SIGN_STYLE = Automatic;
				CURRENT_PROJECT_VERSION = 1;
				DEVELOPMENT_TEAM = QQ7NB58NL6;
				GENERATE_INFOPLIST_FILE = YES;
				INFOPLIST_FILE = MyWeather/Info.plist;
				INFOPLIST_KEY_UIApplicationSupportsIndirectInputEvents = YES;
				INFOPLIST_KEY_UILaunchStoryboardName = LaunchScreen;
				INFOPLIST_KEY_UISupportedInterfaceOrientations_iPad = "UIInterfaceOrientationPortrait UIInterfaceOrientationPortraitUpsideDown UIInterfaceOrientationLandscapeLeft UIInterfaceOrientationLandscapeRight";
				INFOPLIST_KEY_UISupportedInterfaceOrientations_iPhone = "UIInterfaceOrientationPortrait UIInterfaceOrientationLandscapeLeft UIInterfaceOrientationLandscapeRight";
				LD_RUNPATH_SEARCH_PATHS = (
					"$(inherited)",
					"@executable_path/Frameworks",
				);
				MARKETING_VERSION = 1.0;
				PRODUCT_BUNDLE_IDENTIFIER = PavlovAA.MyWeather;
				PRODUCT_NAME = "$(TARGET_NAME)";
				SWIFT_EMIT_LOC_STRINGS = YES;
				SWIFT_VERSION = 5.0;
				TARGETED_DEVICE_FAMILY = 1;
			};
			name = Debug;
		};
		ACFD614B2945028D00FE446E /* Release */ = {
			isa = XCBuildConfiguration;
			buildSettings = {
				ASSETCATALOG_COMPILER_APPICON_NAME = AppIcon;
				ASSETCATALOG_COMPILER_GLOBAL_ACCENT_COLOR_NAME = AccentColor;
				CODE_SIGN_STYLE = Automatic;
				CURRENT_PROJECT_VERSION = 1;
				DEVELOPMENT_TEAM = QQ7NB58NL6;
				GENERATE_INFOPLIST_FILE = YES;
				INFOPLIST_FILE = MyWeather/Info.plist;
				INFOPLIST_KEY_UIApplicationSupportsIndirectInputEvents = YES;
				INFOPLIST_KEY_UILaunchStoryboardName = LaunchScreen;
				INFOPLIST_KEY_UISupportedInterfaceOrientations_iPad = "UIInterfaceOrientationPortrait UIInterfaceOrientationPortraitUpsideDown UIInterfaceOrientationLandscapeLeft UIInterfaceOrientationLandscapeRight";
				INFOPLIST_KEY_UISupportedInterfaceOrientations_iPhone = "UIInterfaceOrientationPortrait UIInterfaceOrientationLandscapeLeft UIInterfaceOrientationLandscapeRight";
				LD_RUNPATH_SEARCH_PATHS = (
					"$(inherited)",
					"@executable_path/Frameworks",
				);
				MARKETING_VERSION = 1.0;
				PRODUCT_BUNDLE_IDENTIFIER = PavlovAA.MyWeather;
				PRODUCT_NAME = "$(TARGET_NAME)";
				SWIFT_EMIT_LOC_STRINGS = YES;
				SWIFT_VERSION = 5.0;
				TARGETED_DEVICE_FAMILY = 1;
			};
			name = Release;
		};
/* End XCBuildConfiguration section */

/* Begin XCConfigurationList section */
		ACFD61302945028A00FE446E /* Build configuration list for PBXProject "MyWeather" */ = {
			isa = XCConfigurationList;
			buildConfigurations = (
				ACFD61472945028D00FE446E /* Debug */,
				ACFD61482945028D00FE446E /* Release */,
			);
			defaultConfigurationIsVisible = 0;
			defaultConfigurationName = Release;
		};
		ACFD61492945028D00FE446E /* Build configuration list for PBXNativeTarget "MyWeather" */ = {
			isa = XCConfigurationList;
			buildConfigurations = (
				ACFD614A2945028D00FE446E /* Debug */,
				ACFD614B2945028D00FE446E /* Release */,
			);
			defaultConfigurationIsVisible = 0;
			defaultConfigurationName = Release;
		};
/* End XCConfigurationList section */
	};
	rootObject = ACFD612D2945028A00FE446E /* Project object */;
}
